
Microsoft Visual Studio Solution File, Format Version 12.00
Project("{FAE04EC0-301F-11D3-BF4B-00C04F79EFBC}") = "Presentation", "Presentation\Presentation.csproj", "{B2455018-85F5-4E2F-8750-B4B4B3513D98}"
EndProject
Project("{FAE04EC0-301F-11D3-BF4B-00C04F79EFBC}") = "Aplication", "Aplication\Aplication.csproj", "{7BE43035-75C6-4011-AB24-CC633B5FE986}"
EndProject
Project("{FAE04EC0-301F-11D3-BF4B-00C04F79EFBC}") = "Domain", "Domain\Domain.csproj", "{F915C04F-5A94-45E8-ADC9-5414DA5C5F81}"
EndProject
Project("{FAE04EC0-301F-11D3-BF4B-00C04F79EFBC}") = "Data", "Data\Data.csproj", "{47F0EC6A-47C3-4007-9A47-C53FEA09C4B7}"
EndProject
Global
	GlobalSection(SolutionConfigurationPlatforms) = preSolution
		Debug|Any CPU = Debug|Any CPU
		Release|Any CPU = Release|Any CPU
	EndGlobalSection
	GlobalSection(ProjectConfigurationPlatforms) = postSolution
		{B2455018-85F5-4E2F-8750-B4B4B3513D98}.Debug|Any CPU.ActiveCfg = Debug|Any CPU
		{B2455018-85F5-4E2F-8750-B4B4B3513D98}.Debug|Any CPU.Build.0 = Debug|Any CPU
		{B2455018-85F5-4E2F-8750-B4B4B3513D98}.Release|Any CPU.ActiveCfg = Release|Any CPU
		{B2455018-85F5-4E2F-8750-B4B4B3513D98}.Release|Any CPU.Build.0 = Release|Any CPU
		{7BE43035-75C6-4011-AB24-CC633B5FE986}.Debug|Any CPU.ActiveCfg = Debug|Any CPU
		{7BE43035-75C6-4011-AB24-CC633B5FE986}.Debug|Any CPU.Build.0 = Debug|Any CPU
		{7BE43035-75C6-4011-AB24-CC633B5FE986}.Release|Any CPU.ActiveCfg = Release|Any CPU
		{7BE43035-75C6-4011-AB24-CC633B5FE986}.Release|Any CPU.Build.0 = Release|Any CPU
		{F915C04F-5A94-45E8-ADC9-5414DA5C5F81}.Debug|Any CPU.ActiveCfg = Debug|Any CPU
		{F915C04F-5A94-45E8-ADC9-5414DA5C5F81}.Debug|Any CPU.Build.0 = Debug|Any CPU
		{F915C04F-5A94-45E8-ADC9-5414DA5C5F81}.Release|Any CPU.ActiveCfg = Release|Any CPU
		{F915C04F-5A94-45E8-ADC9-5414DA5C5F81}.Release|Any CPU.Build.0 = Release|Any CPU
		{47F0EC6A-47C3-4007-9A47-C53FEA09C4B7}.Debug|Any CPU.ActiveCfg = Debug|Any CPU
		{47F0EC6A-47C3-4007-9A47-C53FEA09C4B7}.Debug|Any CPU.Build.0 = Debug|Any CPU
		{47F0EC6A-47C3-4007-9A47-C53FEA09C4B7}.Release|Any CPU.ActiveCfg = Release|Any CPU
		{47F0EC6A-47C3-4007-9A47-C53FEA09C4B7}.Release|Any CPU.Build.0 = Release|Any CPU
	EndGlobalSection
EndGlobal
